
Microsoft Visual Studio Solution File, Format Version 12.00
# Visual Studio Version 17
VisualStudioVersion = 17.7.34031.279
MinimumVisualStudioVersion = 10.0.40219.1
Project("{FAE04EC0-301F-11D3-BF4B-00C04F79EFBC}") = "Shopping", "Shopping\Shopping.csproj", "{49EE4181-1428-4A21-BCF4-CF03D206FD79}"
EndProject
Project("{FAE04EC0-301F-11D3-BF4B-00C04F79EFBC}") = "Shopping.Domain", "Shopping.Domain\Shopping.Domain.csproj", "{5679BEBD-A7D8-4EEA-91B5-822F281E9C58}"
EndProject
Project("{FAE04EC0-301F-11D3-BF4B-00C04F79EFBC}") = "Shopping.Services", "Shopping.Services\Shopping.Services.csproj", "{EE0FB19C-4825-4D3B-BCCE-50F0CD55DE4F}"
EndProject
Global
	GlobalSection(SolutionConfigurationPlatforms) = preSolution
		Debug|Any CPU = Debug|Any CPU
		Release|Any CPU = Release|Any CPU
	EndGlobalSection
	GlobalSection(ProjectConfigurationPlatforms) = postSolution
		{49EE4181-1428-4A21-BCF4-CF03D206FD79}.Debug|Any CPU.ActiveCfg = Debug|Any CPU
		{49EE4181-1428-4A21-BCF4-CF03D206FD79}.Debug|Any CPU.Build.0 = Debug|Any CPU
		{49EE4181-1428-4A21-BCF4-CF03D206FD79}.Release|Any CPU.ActiveCfg = Release|Any CPU
		{49EE4181-1428-4A21-BCF4-CF03D206FD79}.Release|Any CPU.Build.0 = Release|Any CPU
		{5679BEBD-A7D8-4EEA-91B5-822F281E9C58}.Debug|Any CPU.ActiveCfg = Debug|Any CPU
		{5679BEBD-A7D8-4EEA-91B5-822F281E9C58}.Debug|Any CPU.Build.0 = Debug|Any CPU
		{5679BEBD-A7D8-4EEA-91B5-822F281E9C58}.Release|Any CPU.ActiveCfg = Release|Any CPU
		{5679BEBD-A7D8-4EEA-91B5-822F281E9C58}.Release|Any CPU.Build.0 = Release|Any CPU
		{EE0FB19C-4825-4D3B-BCCE-50F0CD55DE4F}.Debug|Any CPU.ActiveCfg = Debug|Any CPU
		{EE0FB19C-4825-4D3B-BCCE-50F0CD55DE4F}.Debug|Any CPU.Build.0 = Debug|Any CPU
		{EE0FB19C-4825-4D3B-BCCE-50F0CD55DE4F}.Release|Any CPU.ActiveCfg = Release|Any CPU
		{EE0FB19C-4825-4D3B-BCCE-50F0CD55DE4F}.Release|Any CPU.Build.0 = Release|Any CPU
	EndGlobalSection
	GlobalSection(SolutionProperties) = preSolution
		HideSolutionNode = FALSE
	EndGlobalSection
	GlobalSection(ExtensibilityGlobals) = postSolution
		SolutionGuid = {84C2FC08-8BB0-42B7-AC39-F0C4AA20AF62}
	EndGlobalSection
EndGlobal
